
Microsoft Visual Studio Solution File, Format Version 12.00
# Visual Studio Version 16
VisualStudioVersion = 16.0.29926.136
MinimumVisualStudioVersion = 10.0.40219.1
Project("{FAE04EC0-301F-11D3-BF4B-00C04F79EFBC}") = "DDS.Infra.Data.Mongo", "DDS.Infra.Data.Mongo\DDS.Infra.Data.Mongo.csproj", "{1A59F256-9F4D-415B-A223-728BCA02BFCE}"
EndProject
Project("{9A19103F-16F7-4668-BE54-9A1E7A4F7556}") = "DDS.Domain.Core", "..\DDS.Domain.Core\src\DDS.Domain.Core\DDS.Domain.Core.csproj", "{02587388-DDBA-4540-A32F-C247E25A45EF}"
EndProject
Global
	GlobalSection(SolutionConfigurationPlatforms) = preSolution
		Debug|Any CPU = Debug|Any CPU
		Release|Any CPU = Release|Any CPU
	EndGlobalSection
	GlobalSection(ProjectConfigurationPlatforms) = postSolution
		{1A59F256-9F4D-415B-A223-728BCA02BFCE}.Debug|Any CPU.ActiveCfg = Debug|Any CPU
		{1A59F256-9F4D-415B-A223-728BCA02BFCE}.Debug|Any CPU.Build.0 = Debug|Any CPU
		{1A59F256-9F4D-415B-A223-728BCA02BFCE}.Release|Any CPU.ActiveCfg = Release|Any CPU
		{1A59F256-9F4D-415B-A223-728BCA02BFCE}.Release|Any CPU.Build.0 = Release|Any CPU
		{02587388-DDBA-4540-A32F-C247E25A45EF}.Debug|Any CPU.ActiveCfg = Debug|Any CPU
		{02587388-DDBA-4540-A32F-C247E25A45EF}.Debug|Any CPU.Build.0 = Debug|Any CPU
		{02587388-DDBA-4540-A32F-C247E25A45EF}.Release|Any CPU.ActiveCfg = Release|Any CPU
		{02587388-DDBA-4540-A32F-C247E25A45EF}.Release|Any CPU.Build.0 = Release|Any CPU
	EndGlobalSection
	GlobalSection(SolutionProperties) = preSolution
		HideSolutionNode = FALSE
	EndGlobalSection
	GlobalSection(ExtensibilityGlobals) = postSolution
		SolutionGuid = {5BD373FF-45F7-4A99-A4D2-63EA022CE543}
	EndGlobalSection
EndGlobal
